{
  "object": {
    "pins": [
      {
        "package": "Kingfisher",
        "repositoryURL": "https://github.com/onevcat/Kingfisher",
        "state": {
          "branch": null,
          "revision": "e951bc286f12f140a14813cc01193731c160ecba",
          "version": "5.10.0"
        }
      },
      {
        "package": "Valet",
        "repositoryURL": "https://github.com/square/Valet.git",
        "state": {
          "branch": null,
          "revision": "bb7745c5beac46769a7db817e9810252f9ffa80c",
          "version": "3.2.7"
        }
      }
    ]
  },
  "version": 1
}
